
Microsoft Visual Studio Solution File, Format Version 12.00
# Visual Studio Version 16
VisualStudioVersion = 16.0.32802.440
MinimumVisualStudioVersion = 10.0.40219.1
Project("{8BC9CEB8-8B4A-11D0-8D11-00A0C91BC942}") = "imageProccessing1", "imageProccessing1.vcxproj", "{E8910E3F-210E-45CC-A099-1576DC1119A9}"
EndProject
Global
	GlobalSection(SolutionConfigurationPlatforms) = preSolution
		Debug|x64 = Debug|x64
		Debug|x86 = Debug|x86
		Release|x64 = Release|x64
		Release|x86 = Release|x86
	EndGlobalSection
	GlobalSection(ProjectConfigurationPlatforms) = postSolution
		{E8910E3F-210E-45CC-A099-1576DC1119A9}.Debug|x64.ActiveCfg = Debug|x64
		{E8910E3F-210E-45CC-A099-1576DC1119A9}.Debug|x64.Build.0 = Debug|x64
		{E8910E3F-210E-45CC-A099-1576DC1119A9}.Debug|x86.ActiveCfg = Debug|Win32
		{E8910E3F-210E-45CC-A099-1576DC1119A9}.Debug|x86.Build.0 = Debug|Win32
		{E8910E3F-210E-45CC-A099-1576DC1119A9}.Release|x64.ActiveCfg = Release|x64
		{E8910E3F-210E-45CC-A099-1576DC1119A9}.Release|x64.Build.0 = Release|x64
		{E8910E3F-210E-45CC-A099-1576DC1119A9}.Release|x86.ActiveCfg = Release|Win32
		{E8910E3F-210E-45CC-A099-1576DC1119A9}.Release|x86.Build.0 = Release|Win32
	EndGlobalSection
	GlobalSection(SolutionProperties) = preSolution
		HideSolutionNode = FALSE
	EndGlobalSection
	GlobalSection(ExtensibilityGlobals) = postSolution
		SolutionGuid = {7F438CA8-8208-4CFB-AF65-DF6C22E8337A}
	EndGlobalSection
EndGlobal
